// !$*UTF8*$!
{
	archiveVersion = 1;
	classes = {
	};
	objectVersion = 50;
	objects = {

/* Begin PBXBuildFile section */
		196947019865457A9CB6AC32 /* Pods_yinchengYQH.framework in Frameworks */ = {isa = PBXBuildFile; fileRef = 2A8C09A6A473F45F39D24D5A /* Pods_yinchengYQH.framework */; };
		7857CBB02150AFA9B63C09A9 /* Pods_yinchengYQHUITests.framework in Frameworks */ = {isa = PBXBuildFile; fileRef = 51CAE05D7EE8B2E3E8715AD1 /* Pods_yinchengYQHUITests.framework */; };
		98AD8B2BBBB2706A278BD988 /* Pods_yinchengYQHTests.framework in Frameworks */ = {isa = PBXBuildFile; fileRef = 9A905A0A4F6F8012ACFAF7BB /* Pods_yinchengYQHTests.framework */; };
		E4A02B7623040B4200D62418 /* AppDelegate.swift in Sources */ = {isa = PBXBuildFile; fileRef = E4A02B7523040B4200D62418 /* AppDelegate.swift */; };
		E4A02B7B23040B4200D62418 /* Main.storyboard in Resources */ = {isa = PBXBuildFile; fileRef = E4A02B7923040B4200D62418 /* Main.storyboard */; };
		E4A02B7D23040B4400D62418 /* Assets.xcassets in Resources */ = {isa = PBXBuildFile; fileRef = E4A02B7C23040B4400D62418 /* Assets.xcassets */; };
		E4A02B8023040B4400D62418 /* LaunchScreen.storyboard in Resources */ = {isa = PBXBuildFile; fileRef = E4A02B7E23040B4400D62418 /* LaunchScreen.storyboard */; };
		E4A02B8B23040B4400D62418 /* yinchengYQHTests.swift in Sources */ = {isa = PBXBuildFile; fileRef = E4A02B8A23040B4400D62418 /* yinchengYQHTests.swift */; };
		E4A02B9623040B4400D62418 /* yinchengYQHUITests.swift in Sources */ = {isa = PBXBuildFile; fileRef = E4A02B9523040B4400D62418 /* yinchengYQHUITests.swift */; };
		E4F6A498230413EC00631C2F /* Home.storyboard in Resources */ = {isa = PBXBuildFile; fileRef = E4F6A496230413EC00631C2F /* Home.storyboard */; };
		E4F6A49A2304140E00631C2F /* Bill.storyboard in Resources */ = {isa = PBXBuildFile; fileRef = E4F6A4992304140E00631C2F /* Bill.storyboard */; };
		E4F6A49D2304142600631C2F /* Mine.storyboard in Resources */ = {isa = PBXBuildFile; fileRef = E4F6A49B2304142600631C2F /* Mine.storyboard */; };
		E4F6A4A02304F92A00631C2F /* MainViewController.swift in Sources */ = {isa = PBXBuildFile; fileRef = E4F6A49F2304F92A00631C2F /* MainViewController.swift */; };
		E4F6A4A22304FD6B00631C2F /* HomeViewController.swift in Sources */ = {isa = PBXBuildFile; fileRef = E4F6A4A12304FD6B00631C2F /* HomeViewController.swift */; };
		E4F6A4AA2305005800631C2F /* PageTitleView.swift in Sources */ = {isa = PBXBuildFile; fileRef = E4F6A4A92305005800631C2F /* PageTitleView.swift */; };
		E4F6A4AC2305037400631C2F /* BillViewController.swift in Sources */ = {isa = PBXBuildFile; fileRef = E4F6A4AB2305037400631C2F /* BillViewController.swift */; };
		E4F6A4AE230504E900631C2F /* Common.swift in Sources */ = {isa = PBXBuildFile; fileRef = E4F6A4AD230504E900631C2F /* Common.swift */; };
		E4F6A4B0230595CC00631C2F /* PageContentView.swift in Sources */ = {isa = PBXBuildFile; fileRef = E4F6A4AF230595CC00631C2F /* PageContentView.swift */; };
		E4F6A4B3230598B000631C2F /* UIColor-Extension.swift in Sources */ = {isa = PBXBuildFile; fileRef = E4F6A4B2230598B000631C2F /* UIColor-Extension.swift */; };
		E4F6A4B823067ADF00631C2F /* UnfinishedBillViewController.swift in Sources */ = {isa = PBXBuildFile; fileRef = E4F6A4B723067ADF00631C2F /* UnfinishedBillViewController.swift */; };
		E4F6A4BA23067BCB00631C2F /* NoReimbursementViewController.swift in Sources */ = {isa = PBXBuildFile; fileRef = E4F6A4B923067BCB00631C2F /* NoReimbursementViewController.swift */; };
		E4F6A4BC23067BD900631C2F /* FinishedBillViewController.swift in Sources */ = {isa = PBXBuildFile; fileRef = E4F6A4BB23067BD900631C2F /* FinishedBillViewController.swift */; };
		E4F6A4BE23067BED00631C2F /* FailedBillViewController.swift in Sources */ = {isa = PBXBuildFile; fileRef = E4F6A4BD23067BED00631C2F /* FailedBillViewController.swift */; };
/* End PBXBuildFile section */

/* Begin PBXContainerItemProxy section */
		E4A02B8723040B4400D62418 /* PBXContainerItemProxy */ = {
			isa = PBXContainerItemProxy;
			containerPortal = E4A02B6A23040B4200D62418 /* Project object */;
			proxyType = 1;
			remoteGlobalIDString = E4A02B7123040B4200D62418;
			remoteInfo = yinchengYQH;
		};
		E4A02B9223040B4400D62418 /* PBXContainerItemProxy */ = {
			isa = PBXContainerItemProxy;
			containerPortal = E4A02B6A23040B4200D62418 /* Project object */;
			proxyType = 1;
			remoteGlobalIDString = E4A02B7123040B4200D62418;
			remoteInfo = yinchengYQH;
		};
/* End PBXContainerItemProxy section */

/* Begin PBXFileReference section */
		12DE962199758C4DB16874C6 /* Pods-yinchengYQHTests.release.xcconfig */ = {isa = PBXFileReference; includeInIndex = 1; lastKnownFileType = text.xcconfig; name = "Pods-yinchengYQHTests.release.xcconfig"; path = "Target Support Files/Pods-yinchengYQHTests/Pods-yinchengYQHTests.release.xcconfig"; sourceTree = "<group>"; };
		1F4AC645AB15C19E94651AB8 /* Pods-yinchengYQH.release.xcconfig */ = {isa = PBXFileReference; includeInIndex = 1; lastKnownFileType = text.xcconfig; name = "Pods-yinchengYQH.release.xcconfig"; path = "Target Support Files/Pods-yinchengYQH/Pods-yinchengYQH.release.xcconfig"; sourceTree = "<group>"; };
		2A8C09A6A473F45F39D24D5A /* Pods_yinchengYQH.framework */ = {isa = PBXFileReference; explicitFileType = wrapper.framework; includeInIndex = 0; path = Pods_yinchengYQH.framework; sourceTree = BUILT_PRODUCTS_DIR; };
		51CAE05D7EE8B2E3E8715AD1 /* Pods_yinchengYQHUITests.framework */ = {isa = PBXFileReference; explicitFileType = wrapper.framework; includeInIndex = 0; path = Pods_yinchengYQHUITests.framework; sourceTree = BUILT_PRODUCTS_DIR; };
		6D2499A7BB17E6E73C4BED0E /* Pods-yinchengYQH.debug.xcconfig */ = {isa = PBXFileReference; includeInIndex = 1; lastKnownFileType = text.xcconfig; name = "Pods-yinchengYQH.debug.xcconfig"; path = "Target Support Files/Pods-yinchengYQH/Pods-yinchengYQH.debug.xcconfig"; sourceTree = "<group>"; };
		78C63A437C59941AAEEF83D2 /* Pods-yinchengYQHUITests.debug.xcconfig */ = {isa = PBXFileReference; includeInIndex = 1; lastKnownFileType = text.xcconfig; name = "Pods-yinchengYQHUITests.debug.xcconfig"; path = "Target Support Files/Pods-yinchengYQHUITests/Pods-yinchengYQHUITests.debug.xcconfig"; sourceTree = "<group>"; };
		9A905A0A4F6F8012ACFAF7BB /* Pods_yinchengYQHTests.framework */ = {isa = PBXFileReference; explicitFileType = wrapper.framework; includeInIndex = 0; path = Pods_yinchengYQHTests.framework; sourceTree = BUILT_PRODUCTS_DIR; };
		CB0890AC62E875EE56BC8844 /* Pods-yinchengYQHTests.debug.xcconfig */ = {isa = PBXFileReference; includeInIndex = 1; lastKnownFileType = text.xcconfig; name = "Pods-yinchengYQHTests.debug.xcconfig"; path = "Target Support Files/Pods-yinchengYQHTests/Pods-yinchengYQHTests.debug.xcconfig"; sourceTree = "<group>"; };
		D76D61159CF4D2BD2C9C4B68 /* Pods-yinchengYQHUITests.release.xcconfig */ = {isa = PBXFileReference; includeInIndex = 1; lastKnownFileType = text.xcconfig; name = "Pods-yinchengYQHUITests.release.xcconfig"; path = "Target Support Files/Pods-yinchengYQHUITests/Pods-yinchengYQHUITests.release.xcconfig"; sourceTree = "<group>"; };
		E4A02B7223040B4200D62418 /* yinchengYQH.app */ = {isa = PBXFileReference; explicitFileType = wrapper.application; includeInIndex = 0; path = yinchengYQH.app; sourceTree = BUILT_PRODUCTS_DIR; };
		E4A02B7523040B4200D62418 /* AppDelegate.swift */ = {isa = PBXFileReference; lastKnownFileType = sourcecode.swift; path = AppDelegate.swift; sourceTree = "<group>"; };
		E4A02B7A23040B4200D62418 /* Base */ = {isa = PBXFileReference; lastKnownFileType = file.storyboard; name = Base; path = Base.lproj/Main.storyboard; sourceTree = "<group>"; };
		E4A02B7C23040B4400D62418 /* Assets.xcassets */ = {isa = PBXFileReference; lastKnownFileType = folder.assetcatalog; path = Assets.xcassets; sourceTree = "<group>"; };
		E4A02B7F23040B4400D62418 /* Base */ = {isa = PBXFileReference; lastKnownFileType = file.storyboard; name = Base; path = Base.lproj/LaunchScreen.storyboard; sourceTree = "<group>"; };
		E4A02B8123040B4400D62418 /* Info.plist */ = {isa = PBXFileReference; lastKnownFileType = text.plist.xml; path = Info.plist; sourceTree = "<group>"; };
		E4A02B8623040B4400D62418 /* yinchengYQHTests.xctest */ = {isa = PBXFileReference; explicitFileType = wrapper.cfbundle; includeInIndex = 0; path = yinchengYQHTests.xctest; sourceTree = BUILT_PRODUCTS_DIR; };
		E4A02B8A23040B4400D62418 /* yinchengYQHTests.swift */ = {isa = PBXFileReference; lastKnownFileType = sourcecode.swift; path = yinchengYQHTests.swift; sourceTree = "<group>"; };
		E4A02B8C23040B4400D62418 /* Info.plist */ = {isa = PBXFileReference; lastKnownFileType = text.plist.xml; path = Info.plist; sourceTree = "<group>"; };
		E4A02B9123040B4400D62418 /* yinchengYQHUITests.xctest */ = {isa = PBXFileReference; explicitFileType = wrapper.cfbundle; includeInIndex = 0; path = yinchengYQHUITests.xctest; sourceTree = BUILT_PRODUCTS_DIR; };
		E4A02B9523040B4400D62418 /* yinchengYQHUITests.swift */ = {isa = PBXFileReference; lastKnownFileType = sourcecode.swift; path = yinchengYQHUITests.swift; sourceTree = "<group>"; };
		E4A02B9723040B4400D62418 /* Info.plist */ = {isa = PBXFileReference; lastKnownFileType = text.plist.xml; path = Info.plist; sourceTree = "<group>"; };
		E4F6A497230413EC00631C2F /* Base */ = {isa = PBXFileReference; lastKnownFileType = file.storyboard; name = Base; path = yinchengYQH/Classes/Main/Base.lproj/Home.storyboard; sourceTree = "<group>"; };
		E4F6A4992304140E00631C2F /* Bill.storyboard */ = {isa = PBXFileReference; fileEncoding = 4; lastKnownFileType = file.storyboard; path = Bill.storyboard; sourceTree = "<group>"; };
		E4F6A49C2304142600631C2F /* Base */ = {isa = PBXFileReference; lastKnownFileType = file.storyboard; name = Base; path = yinchengYQH/Classes/Main/Base.lproj/Mine.storyboard; sourceTree = "<group>"; };
		E4F6A49F2304F92A00631C2F /* MainViewController.swift */ = {isa = PBXFileReference; lastKnownFileType = sourcecode.swift; path = MainViewController.swift; sourceTree = "<group>"; };
		E4F6A4A12304FD6B00631C2F /* HomeViewController.swift */ = {isa = PBXFileReference; lastKnownFileType = sourcecode.swift; path = HomeViewController.swift; sourceTree = "<group>"; };
		E4F6A4A92305005800631C2F /* PageTitleView.swift */ = {isa = PBXFileReference; lastKnownFileType = sourcecode.swift; path = PageTitleView.swift; sourceTree = "<group>"; };
		E4F6A4AB2305037400631C2F /* BillViewController.swift */ = {isa = PBXFileReference; lastKnownFileType = sourcecode.swift; path = BillViewController.swift; sourceTree = "<group>"; };
		E4F6A4AD230504E900631C2F /* Common.swift */ = {isa = PBXFileReference; lastKnownFileType = sourcecode.swift; path = Common.swift; sourceTree = "<group>"; };
		E4F6A4AF230595CC00631C2F /* PageContentView.swift */ = {isa = PBXFileReference; lastKnownFileType = sourcecode.swift; path = PageContentView.swift; sourceTree = "<group>"; };
		E4F6A4B2230598B000631C2F /* UIColor-Extension.swift */ = {isa = PBXFileReference; lastKnownFileType = sourcecode.swift; path = "UIColor-Extension.swift"; sourceTree = "<group>"; };
		E4F6A4B723067ADF00631C2F /* UnfinishedBillViewController.swift */ = {isa = PBXFileReference; lastKnownFileType = sourcecode.swift; path = UnfinishedBillViewController.swift; sourceTree = "<group>"; };
		E4F6A4B923067BCB00631C2F /* NoReimbursementViewController.swift */ = {isa = PBXFileReference; lastKnownFileType = sourcecode.swift; path = NoReimbursementViewController.swift; sourceTree = "<group>"; };
		E4F6A4BB23067BD900631C2F /* FinishedBillViewController.swift */ = {isa = PBXFileReference; lastKnownFileType = sourcecode.swift; path = FinishedBillViewController.swift; sourceTree = "<group>"; };
		E4F6A4BD23067BED00631C2F /* FailedBillViewController.swift */ = {isa = PBXFileReference; lastKnownFileType = sourcecode.swift; path = FailedBillViewController.swift; sourceTree = "<group>"; };
/* End PBXFileReference section */

/* Begin PBXFrameworksBuildPhase section */
		E4A02B6F23040B4200D62418 /* Frameworks */ = {
			isa = PBXFrameworksBuildPhase;
			buildActionMask = 2147483647;
			files = (
				196947019865457A9CB6AC32 /* Pods_yinchengYQH.framework in Frameworks */,
			);
			runOnlyForDeploymentPostprocessing = 0;
		};
		E4A02B8323040B4400D62418 /* Frameworks */ = {
			isa = PBXFrameworksBuildPhase;
			buildActionMask = 2147483647;
			files = (
				98AD8B2BBBB2706A278BD988 /* Pods_yinchengYQHTests.framework in Frameworks */,
			);
			runOnlyForDeploymentPostprocessing = 0;
		};
		E4A02B8E23040B4400D62418 /* Frameworks */ = {
			isa = PBXFrameworksBuildPhase;
			buildActionMask = 2147483647;
			files = (
				7857CBB02150AFA9B63C09A9 /* Pods_yinchengYQHUITests.framework in Frameworks */,
			);
			runOnlyForDeploymentPostprocessing = 0;
		};
/* End PBXFrameworksBuildPhase section */

/* Begin PBXGroup section */
		07F73407154922B2CEF04A7B /* Frameworks */ = {
			isa = PBXGroup;
			children = (
				2A8C09A6A473F45F39D24D5A /* Pods_yinchengYQH.framework */,
				9A905A0A4F6F8012ACFAF7BB /* Pods_yinchengYQHTests.framework */,
				51CAE05D7EE8B2E3E8715AD1 /* Pods_yinchengYQHUITests.framework */,
			);
			name = Frameworks;
			sourceTree = "<group>";
		};
		1DC0A98B9552C73C39EF47F5 /* Pods */ = {
			isa = PBXGroup;
			children = (
				6D2499A7BB17E6E73C4BED0E /* Pods-yinchengYQH.debug.xcconfig */,
				1F4AC645AB15C19E94651AB8 /* Pods-yinchengYQH.release.xcconfig */,
				CB0890AC62E875EE56BC8844 /* Pods-yinchengYQHTests.debug.xcconfig */,
				12DE962199758C4DB16874C6 /* Pods-yinchengYQHTests.release.xcconfig */,
				78C63A437C59941AAEEF83D2 /* Pods-yinchengYQHUITests.debug.xcconfig */,
				D76D61159CF4D2BD2C9C4B68 /* Pods-yinchengYQHUITests.release.xcconfig */,
			);
			name = Pods;
			path = Pods;
			sourceTree = "<group>";
		};
		E4A02B6923040B4200D62418 = {
			isa = PBXGroup;
			children = (
				E4A02B7423040B4200D62418 /* yinchengYQH */,
				E4A02B8923040B4400D62418 /* yinchengYQHTests */,
				E4A02B9423040B4400D62418 /* yinchengYQHUITests */,
				E4A02B7323040B4200D62418 /* Products */,
				1DC0A98B9552C73C39EF47F5 /* Pods */,
				07F73407154922B2CEF04A7B /* Frameworks */,
			);
			sourceTree = "<group>";
		};
		E4A02B7323040B4200D62418 /* Products */ = {
			isa = PBXGroup;
			children = (
				E4A02B7223040B4200D62418 /* yinchengYQH.app */,
				E4A02B8623040B4400D62418 /* yinchengYQHTests.xctest */,
				E4A02B9123040B4400D62418 /* yinchengYQHUITests.xctest */,
			);
			name = Products;
			sourceTree = "<group>";
		};
		E4A02B7423040B4200D62418 /* yinchengYQH */ = {
			isa = PBXGroup;
			children = (
				E4A02BA723040EE700D62418 /* Classes */,
				E4A02B7523040B4200D62418 /* AppDelegate.swift */,
				E4A02B7C23040B4400D62418 /* Assets.xcassets */,
				E4A02B7E23040B4400D62418 /* LaunchScreen.storyboard */,
				E4A02B8123040B4400D62418 /* Info.plist */,
			);
			path = yinchengYQH;
			sourceTree = "<group>";
		};
		E4A02B8923040B4400D62418 /* yinchengYQHTests */ = {
			isa = PBXGroup;
			children = (
				E4A02B8A23040B4400D62418 /* yinchengYQHTests.swift */,
				E4A02B8C23040B4400D62418 /* Info.plist */,
			);
			path = yinchengYQHTests;
			sourceTree = "<group>";
		};
		E4A02B9423040B4400D62418 /* yinchengYQHUITests */ = {
			isa = PBXGroup;
			children = (
				E4A02B9523040B4400D62418 /* yinchengYQHUITests.swift */,
				E4A02B9723040B4400D62418 /* Info.plist */,
			);
			path = yinchengYQHUITests;
			sourceTree = "<group>";
		};
		E4A02BA723040EE700D62418 /* Classes */ = {
			isa = PBXGroup;
			children = (
				E4A02BA823040F1900D62418 /* Main */,
				E4F6A49E2304147300631C2F /* Home */,
				E4A02BA923040F2000D62418 /* Bills */,
				E4A02BAA23040F2700D62418 /* Mine */,
				E4A02BAB23040F3400D62418 /* Tools */,
			);
			path = Classes;
			sourceTree = "<group>";
		};
		E4A02BA823040F1900D62418 /* Main */ = {
			isa = PBXGroup;
			children = (
				E4A02B7923040B4200D62418 /* Main.storyboard */,
				E4F6A49F2304F92A00631C2F /* MainViewController.swift */,
				E4F6A4A82305003100631C2F /* Models */,
				E4F6A4A72305002A00631C2F /* Controllers */,
				E4F6A4A62305001800631C2F /* Views */,
			);
			path = Main;
			sourceTree = "<group>";
		};
		E4A02BA923040F2000D62418 /* Bills */ = {
			isa = PBXGroup;
			children = (
				E4F6A4B6230677CD00631C2F /* Models */,
				E4F6A4B5230677C800631C2F /* Views */,
				E4F6A4B4230677BD00631C2F /* Controllers */,
				E4F6A4992304140E00631C2F /* Bill.storyboard */,
				E4F6A4AB2305037400631C2F /* BillViewController.swift */,
			);
			path = Bills;
			sourceTree = "<group>";
		};
		E4A02BAA23040F2700D62418 /* Mine */ = {
			isa = PBXGroup;
			children = (
				E4F6A49B2304142600631C2F /* Mine.storyboard */,
			);
			path = Mine;
			sourceTree = "<group>";
		};
		E4A02BAB23040F3400D62418 /* Tools */ = {
			isa = PBXGroup;
			children = (
				E4F6A4B12305988F00631C2F /* Extensions */,
				E4F6A4AD230504E900631C2F /* Common.swift */,
			);
			path = Tools;
			sourceTree = "<group>";
		};
		E4F6A49E2304147300631C2F /* Home */ = {
			isa = PBXGroup;
			children = (
				E4F6A496230413EC00631C2F /* Home.storyboard */,
				E4F6A4A12304FD6B00631C2F /* HomeViewController.swift */,
				E4F6A4A52305000800631C2F /* Models */,
				E4F6A4A42305000200631C2F /* Views */,
				E4F6A4A32304FFF500631C2F /* Controllers */,
			);
			path = Home;
			sourceTree = "<group>";
		};
		E4F6A4A32304FFF500631C2F /* Controllers */ = {
			isa = PBXGroup;
			children = (
			);
			path = Controllers;
			sourceTree = "<group>";
		};
		E4F6A4A42305000200631C2F /* Views */ = {
			isa = PBXGroup;
			children = (
			);
			path = Views;
			sourceTree = "<group>";
		};
		E4F6A4A52305000800631C2F /* Models */ = {
			isa = PBXGroup;
			children = (
			);
			path = Models;
			sourceTree = "<group>";
		};
		E4F6A4A62305001800631C2F /* Views */ = {
			isa = PBXGroup;
			children = (
				E4F6A4A92305005800631C2F /* PageTitleView.swift */,
				E4F6A4AF230595CC00631C2F /* PageContentView.swift */,
			);
			path = Views;
			sourceTree = "<group>";
		};
		E4F6A4A72305002A00631C2F /* Controllers */ = {
			isa = PBXGroup;
			children = (
			);
			path = Controllers;
			sourceTree = "<group>";
		};
		E4F6A4A82305003100631C2F /* Models */ = {
			isa = PBXGroup;
			children = (
			);
			path = Models;
			sourceTree = "<group>";
		};
		E4F6A4B12305988F00631C2F /* Extensions */ = {
			isa = PBXGroup;
			children = (
				E4F6A4B2230598B000631C2F /* UIColor-Extension.swift */,
			);
			path = Extensions;
			sourceTree = "<group>";
		};
		E4F6A4B4230677BD00631C2F /* Controllers */ = {
			isa = PBXGroup;
			children = (
				E4F6A4B723067ADF00631C2F /* UnfinishedBillViewController.swift */,
				E4F6A4B923067BCB00631C2F /* NoReimbursementViewController.swift */,
				E4F6A4BB23067BD900631C2F /* FinishedBillViewController.swift */,
				E4F6A4BD23067BED00631C2F /* FailedBillViewController.swift */,
			);
			path = Controllers;
			sourceTree = "<group>";
		};
		E4F6A4B5230677C800631C2F /* Views */ = {
			isa = PBXGroup;
			children = (
			);
			path = Views;
			sourceTree = "<group>";
		};
		E4F6A4B6230677CD00631C2F /* Models */ = {
			isa = PBXGroup;
			children = (
			);
			path = Models;
			sourceTree = "<group>";
		};
/* End PBXGroup section */

/* Begin PBXNativeTarget section */
		E4A02B7123040B4200D62418 /* yinchengYQH */ = {
			isa = PBXNativeTarget;
			buildConfigurationList = E4A02B9A23040B4400D62418 /* Build configuration list for PBXNativeTarget "yinchengYQH" */;
			buildPhases = (
				7F1DA188D2BC09DE04C72B8D /* [CP] Check Pods Manifest.lock */,
				E4A02B6E23040B4200D62418 /* Sources */,
				E4A02B6F23040B4200D62418 /* Frameworks */,
				E4A02B7023040B4200D62418 /* Resources */,
				A8F3A908DA06D06DED93B9D6 /* [CP] Embed Pods Frameworks */,
			);
			buildRules = (
			);
			dependencies = (
			);
			name = yinchengYQH;
			productName = yinchengYQH;
			productReference = E4A02B7223040B4200D62418 /* yinchengYQH.app */;
			productType = "com.apple.product-type.application";
		};
		E4A02B8523040B4400D62418 /* yinchengYQHTests */ = {
			isa = PBXNativeTarget;
			buildConfigurationList = E4A02B9D23040B4400D62418 /* Build configuration list for PBXNativeTarget "yinchengYQHTests" */;
			buildPhases = (
				31EF4DB740B2845896C8591E /* [CP] Check Pods Manifest.lock */,
				E4A02B8223040B4400D62418 /* Sources */,
				E4A02B8323040B4400D62418 /* Frameworks */,
				E4A02B8423040B4400D62418 /* Resources */,
			);
			buildRules = (
			);
			dependencies = (
				E4A02B8823040B4400D62418 /* PBXTargetDependency */,
			);
			name = yinchengYQHTests;
			productName = yinchengYQHTests;
			productReference = E4A02B8623040B4400D62418 /* yinchengYQHTests.xctest */;
			productType = "com.apple.product-type.bundle.unit-test";
		};
		E4A02B9023040B4400D62418 /* yinchengYQHUITests */ = {
			isa = PBXNativeTarget;
			buildConfigurationList = E4A02BA023040B4400D62418 /* Build configuration list for PBXNativeTarget "yinchengYQHUITests" */;
			buildPhases = (
				490CC6586639474A2CAF711D /* [CP] Check Pods Manifest.lock */,
				E4A02B8D23040B4400D62418 /* Sources */,
				E4A02B8E23040B4400D62418 /* Frameworks */,
				E4A02B8F23040B4400D62418 /* Resources */,
			);
			buildRules = (
			);
			dependencies = (
				E4A02B9323040B4400D62418 /* PBXTargetDependency */,
			);
			name = yinchengYQHUITests;
			productName = yinchengYQHUITests;
			productReference = E4A02B9123040B4400D62418 /* yinchengYQHUITests.xctest */;
			productType = "com.apple.product-type.bundle.ui-testing";
		};
/* End PBXNativeTarget section */

/* Begin PBXProject section */
		E4A02B6A23040B4200D62418 /* Project object */ = {
			isa = PBXProject;
			attributes = {
				LastSwiftUpdateCheck = 1020;
				LastUpgradeCheck = 1020;
				ORGANIZATIONNAME = qirong;
				TargetAttributes = {
					E4A02B7123040B4200D62418 = {
						CreatedOnToolsVersion = 10.2.1;
					};
					E4A02B8523040B4400D62418 = {
						CreatedOnToolsVersion = 10.2.1;
						TestTargetID = E4A02B7123040B4200D62418;
					};
					E4A02B9023040B4400D62418 = {
						CreatedOnToolsVersion = 10.2.1;
						TestTargetID = E4A02B7123040B4200D62418;
					};
				};
			};
			buildConfigurationList = E4A02B6D23040B4200D62418 /* Build configuration list for PBXProject "yinchengYQH" */;
			compatibilityVersion = "Xcode 9.3";
			developmentRegion = en;
			hasScannedForEncodings = 0;
			knownRegions = (
				en,
				Base,
			);
			mainGroup = E4A02B6923040B4200D62418;
			productRefGroup = E4A02B7323040B4200D62418 /* Products */;
			projectDirPath = "";
			projectRoot = "";
			targets = (
				E4A02B7123040B4200D62418 /* yinchengYQH */,
				E4A02B8523040B4400D62418 /* yinchengYQHTests */,
				E4A02B9023040B4400D62418 /* yinchengYQHUITests */,
			);
		};
/* End PBXProject section */

/* Begin PBXResourcesBuildPhase section */
		E4A02B7023040B4200D62418 /* Resources */ = {
			isa = PBXResourcesBuildPhase;
			buildActionMask = 2147483647;
			files = (
				E4F6A49A2304140E00631C2F /* Bill.storyboard in Resources */,
				E4A02B8023040B4400D62418 /* LaunchScreen.storyboard in Resources */,
				E4A02B7D23040B4400D62418 /* Assets.xcassets in Resources */,
				E4F6A49D2304142600631C2F /* Mine.storyboard in Resources */,
				E4A02B7B23040B4200D62418 /* Main.storyboard in Resources */,
				E4F6A498230413EC00631C2F /* Home.storyboard in Resources */,
			);
			runOnlyForDeploymentPostprocessing = 0;
		};
		E4A02B8423040B4400D62418 /* Resources */ = {
			isa = PBXResourcesBuildPhase;
			buildActionMask = 2147483647;
			files = (
			);
			runOnlyForDeploymentPostprocessing = 0;
		};
		E4A02B8F23040B4400D62418 /* Resources */ = {
			isa = PBXResourcesBuildPhase;
			buildActionMask = 2147483647;
			files = (
			);
			runOnlyForDeploymentPostprocessing = 0;
		};
/* End PBXResourcesBuildPhase section */

/* Begin PBXShellScriptBuildPhase section */
		31EF4DB740B2845896C8591E /* [CP] Check Pods Manifest.lock */ = {
			isa = PBXShellScriptBuildPhase;
			buildActionMask = 2147483647;
			files = (
			);
			inputFileListPaths = (
			);
			inputPaths = (
				"${PODS_PODFILE_DIR_PATH}/Podfile.lock",
				"${PODS_ROOT}/Manifest.lock",
			);
			name = "[CP] Check Pods Manifest.lock";
			outputFileListPaths = (
			);
			outputPaths = (
				"$(DERIVED_FILE_DIR)/Pods-yinchengYQHTests-checkManifestLockResult.txt",
			);
			runOnlyForDeploymentPostprocessing = 0;
			shellPath = /bin/sh;
			shellScript = "diff \"${PODS_PODFILE_DIR_PATH}/Podfile.lock\" \"${PODS_ROOT}/Manifest.lock\" > /dev/null\nif [ $? != 0 ] ; then\n    # print error to STDERR\n    echo \"error: The sandbox is not in sync with the Podfile.lock. Run 'pod install' or update your CocoaPods installation.\" >&2\n    exit 1\nfi\n# This output is used by Xcode 'outputs' to avoid re-running this script phase.\necho \"SUCCESS\" > \"${SCRIPT_OUTPUT_FILE_0}\"\n";
			showEnvVarsInLog = 0;
		};
		490CC6586639474A2CAF711D /* [CP] Check Pods Manifest.lock */ = {
			isa = PBXShellScriptBuildPhase;
			buildActionMask = 2147483647;
			files = (
			);
			inputFileListPaths = (
			);
			inputPaths = (
				"${PODS_PODFILE_DIR_PATH}/Podfile.lock",
				"${PODS_ROOT}/Manifest.lock",
			);
			name = "[CP] Check Pods Manifest.lock";
			outputFileListPaths = (
			);
			outputPaths = (
				"$(DERIVED_FILE_DIR)/Pods-yinchengYQHUITests-checkManifestLockResult.txt",
			);
			runOnlyForDeploymentPostprocessing = 0;
			shellPath = /bin/sh;
			shellScript = "diff \"${PODS_PODFILE_DIR_PATH}/Podfile.lock\" \"${PODS_ROOT}/Manifest.lock\" > /dev/null\nif [ $? != 0 ] ; then\n    # print error to STDERR\n    echo \"error: The sandbox is not in sync with the Podfile.lock. Run 'pod install' or update your CocoaPods installation.\" >&2\n    exit 1\nfi\n# This output is used by Xcode 'outputs' to avoid re-running this script phase.\necho \"SUCCESS\" > \"${SCRIPT_OUTPUT_FILE_0}\"\n";
			showEnvVarsInLog = 0;
		};
		7F1DA188D2BC09DE04C72B8D /* [CP] Check Pods Manifest.lock */ = {
			isa = PBXShellScriptBuildPhase;
			buildActionMask = 2147483647;
			files = (
			);
			inputFileListPaths = (
			);
			inputPaths = (
				"${PODS_PODFILE_DIR_PATH}/Podfile.lock",
				"${PODS_ROOT}/Manifest.lock",
			);
			name = "[CP] Check Pods Manifest.lock";
			outputFileListPaths = (
			);
			outputPaths = (
				"$(DERIVED_FILE_DIR)/Pods-yinchengYQH-checkManifestLockResult.txt",
			);
			runOnlyForDeploymentPostprocessing = 0;
			shellPath = /bin/sh;
			shellScript = "diff \"${PODS_PODFILE_DIR_PATH}/Podfile.lock\" \"${PODS_ROOT}/Manifest.lock\" > /dev/null\nif [ $? != 0 ] ; then\n    # print error to STDERR\n    echo \"error: The sandbox is not in sync with the Podfile.lock. Run 'pod install' or update your CocoaPods installation.\" >&2\n    exit 1\nfi\n# This output is used by Xcode 'outputs' to avoid re-running this script phase.\necho \"SUCCESS\" > \"${SCRIPT_OUTPUT_FILE_0}\"\n";
			showEnvVarsInLog = 0;
		};
		A8F3A908DA06D06DED93B9D6 /* [CP] Embed Pods Frameworks */ = {
			isa = PBXShellScriptBuildPhase;
			buildActionMask = 2147483647;
			files = (
			);
			inputFileListPaths = (
			);
			inputPaths = (
				"${PODS_ROOT}/Target Support Files/Pods-yinchengYQH/Pods-yinchengYQH-frameworks.sh",
				"${BUILT_PRODUCTS_DIR}/Alamofire/Alamofire.framework",
				"${BUILT_PRODUCTS_DIR}/IQKeyboardManagerSwift/IQKeyboardManagerSwift.framework",
				"${BUILT_PRODUCTS_DIR}/Kingfisher/Kingfisher.framework",
				"${BUILT_PRODUCTS_DIR}/Material/Material.framework",
				"${BUILT_PRODUCTS_DIR}/MonkeyKing/MonkeyKing.framework",
				"${BUILT_PRODUCTS_DIR}/Motion/Motion.framework",
				"${BUILT_PRODUCTS_DIR}/SnapKit/SnapKit.framework",
			);
			name = "[CP] Embed Pods Frameworks";
			outputFileListPaths = (
			);
			outputPaths = (
				"${TARGET_BUILD_DIR}/${FRAMEWORKS_FOLDER_PATH}/Alamofire.framework",
				"${TARGET_BUILD_DIR}/${FRAMEWORKS_FOLDER_PATH}/IQKeyboardManagerSwift.framework",
				"${TARGET_BUILD_DIR}/${FRAMEWORKS_FOLDER_PATH}/Kingfisher.framework",
				"${TARGET_BUILD_DIR}/${FRAMEWORKS_FOLDER_PATH}/Material.framework",
				"${TARGET_BUILD_DIR}/${FRAMEWORKS_FOLDER_PATH}/MonkeyKing.framework",
				"${TARGET_BUILD_DIR}/${FRAMEWORKS_FOLDER_PATH}/Motion.framework",
				"${TARGET_BUILD_DIR}/${FRAMEWORKS_FOLDER_PATH}/SnapKit.framework",
			);
			runOnlyForDeploymentPostprocessing = 0;
			shellPath = /bin/sh;
			shellScript = "\"${PODS_ROOT}/Target Support Files/Pods-yinchengYQH/Pods-yinchengYQH-frameworks.sh\"\n";
			showEnvVarsInLog = 0;
		};
/* End PBXShellScriptBuildPhase section */

/* Begin PBXSourcesBuildPhase section */
		E4A02B6E23040B4200D62418 /* Sources */ = {
			isa = PBXSourcesBuildPhase;
			buildActionMask = 2147483647;
			files = (
				E4F6A4BE23067BED00631C2F /* FailedBillViewController.swift in Sources */,
				E4F6A4AA2305005800631C2F /* PageTitleView.swift in Sources */,
				E4F6A4B3230598B000631C2F /* UIColor-Extension.swift in Sources */,
				E4A02B7623040B4200D62418 /* AppDelegate.swift in Sources */,
				E4F6A4AC2305037400631C2F /* BillViewController.swift in Sources */,
				E4F6A4B0230595CC00631C2F /* PageContentView.swift in Sources */,
				E4F6A4A02304F92A00631C2F /* MainViewController.swift in Sources */,
				E4F6A4AE230504E900631C2F /* Common.swift in Sources */,
				E4F6A4B823067ADF00631C2F /* UnfinishedBillViewController.swift in Sources */,
				E4F6A4BA23067BCB00631C2F /* NoReimbursementViewController.swift in Sources */,
				E4F6A4BC23067BD900631C2F /* FinishedBillViewController.swift in Sources */,
				E4F6A4A22304FD6B00631C2F /* HomeViewController.swift in Sources */,
			);
			runOnlyForDeploymentPostprocessing = 0;
		};
		E4A02B8223040B4400D62418 /* Sources */ = {
			isa = PBXSourcesBuildPhase;
			buildActionMask = 2147483647;
			files = (
				E4A02B8B23040B4400D62418 /* yinchengYQHTests.swift in Sources */,
			);
			runOnlyForDeploymentPostprocessing = 0;
		};
		E4A02B8D23040B4400D62418 /* Sources */ = {
			isa = PBXSourcesBuildPhase;
			buildActionMask = 2147483647;
			files = (
				E4A02B9623040B4400D62418 /* yinchengYQHUITests.swift in Sources */,
			);
			runOnlyForDeploymentPostprocessing = 0;
		};
/* End PBXSourcesBuildPhase section */

/* Begin PBXTargetDependency section */
		E4A02B8823040B4400D62418 /* PBXTargetDependency */ = {
			isa = PBXTargetDependency;
			target = E4A02B7123040B4200D62418 /* yinchengYQH */;
			targetProxy = E4A02B8723040B4400D62418 /* PBXContainerItemProxy */;
		};
		E4A02B9323040B4400D62418 /* PBXTargetDependency */ = {
			isa = PBXTargetDependency;
			target = E4A02B7123040B4200D62418 /* yinchengYQH */;
			targetProxy = E4A02B9223040B4400D62418 /* PBXContainerItemProxy */;
		};
/* End PBXTargetDependency section */

/* Begin PBXVariantGroup section */
		E4A02B7923040B4200D62418 /* Main.storyboard */ = {
			isa = PBXVariantGroup;
			children = (
				E4A02B7A23040B4200D62418 /* Base */,
			);
			name = Main.storyboard;
			sourceTree = "<group>";
		};
		E4A02B7E23040B4400D62418 /* LaunchScreen.storyboard */ = {
			isa = PBXVariantGroup;
			children = (
				E4A02B7F23040B4400D62418 /* Base */,
			);
			name = LaunchScreen.storyboard;
			sourceTree = "<group>";
		};
		E4F6A496230413EC00631C2F /* Home.storyboard */ = {
			isa = PBXVariantGroup;
			children = (
				E4F6A497230413EC00631C2F /* Base */,
			);
			name = Home.storyboard;
			sourceTree = "<group>";
		};
		E4F6A49B2304142600631C2F /* Mine.storyboard */ = {
			isa = PBXVariantGroup;
			children = (
				E4F6A49C2304142600631C2F /* Base */,
			);
			name = Mine.storyboard;
			sourceTree = "<group>";
		};
/* End PBXVariantGroup section */

/* Begin XCBuildConfiguration section */
		E4A02B9823040B4400D62418 /* Debug */ = {
			isa = XCBuildConfiguration;
			buildSettings = {
				ALWAYS_SEARCH_USER_PATHS = NO;
				CLANG_ANALYZER_NONNULL = YES;
				CLANG_ANALYZER_NUMBER_OBJECT_CONVERSION = YES_AGGRESSIVE;
				CLANG_CXX_LANGUAGE_STANDARD = "gnu++14";
				CLANG_CXX_LIBRARY = "libc++";
				CLANG_ENABLE_MODULES = YES;
				CLANG_ENABLE_OBJC_ARC = YES;
				CLANG_ENABLE_OBJC_WEAK = YES;
				CLANG_WARN_BLOCK_CAPTURE_AUTORELEASING = YES;
				CLANG_WARN_BOOL_CONVERSION = YES;
				CLANG_WARN_COMMA = YES;
				CLANG_WARN_CONSTANT_CONVERSION = YES;
				CLANG_WARN_DEPRECATED_OBJC_IMPLEMENTATIONS = YES;
				CLANG_WARN_DIRECT_OBJC_ISA_USAGE = YES_ERROR;
				CLANG_WARN_DOCUMENTATION_COMMENTS = YES;
				CLANG_WARN_EMPTY_BODY = YES;
				CLANG_WARN_ENUM_CONVERSION = YES;
				CLANG_WARN_INFINITE_RECURSION = YES;
				CLANG_WARN_INT_CONVERSION = YES;
				CLANG_WARN_NON_LITERAL_NULL_CONVERSION = YES;
				CLANG_WARN_OBJC_IMPLICIT_RETAIN_SELF = YES;
				CLANG_WARN_OBJC_LITERAL_CONVERSION = YES;
				CLANG_WARN_OBJC_ROOT_CLASS = YES_ERROR;
				CLANG_WARN_RANGE_LOOP_ANALYSIS = YES;
				CLANG_WARN_STRICT_PROTOTYPES = YES;
				CLANG_WARN_SUSPICIOUS_MOVE = YES;
				CLANG_WARN_UNGUARDED_AVAILABILITY = YES_AGGRESSIVE;
				CLANG_WARN_UNREACHABLE_CODE = YES;
				CLANG_WARN__DUPLICATE_METHOD_MATCH = YES;
				CODE_SIGN_IDENTITY = "iPhone Developer";
				COPY_PHASE_STRIP = NO;
				DEBUG_INFORMATION_FORMAT = dwarf;
				ENABLE_STRICT_OBJC_MSGSEND = YES;
				ENABLE_TESTABILITY = YES;
				GCC_C_LANGUAGE_STANDARD = gnu11;
				GCC_DYNAMIC_NO_PIC = NO;
				GCC_NO_COMMON_BLOCKS = YES;
				GCC_OPTIMIZATION_LEVEL = 0;
				GCC_PREPROCESSOR_DEFINITIONS = (
					"DEBUG=1",
					"$(inherited)",
				);
				GCC_WARN_64_TO_32_BIT_CONVERSION = YES;
				GCC_WARN_ABOUT_RETURN_TYPE = YES_ERROR;
				GCC_WARN_UNDECLARED_SELECTOR = YES;
				GCC_WARN_UNINITIALIZED_AUTOS = YES_AGGRESSIVE;
				GCC_WARN_UNUSED_FUNCTION = YES;
				GCC_WARN_UNUSED_VARIABLE = YES;
				IPHONEOS_DEPLOYMENT_TARGET = 12.2;
				MTL_ENABLE_DEBUG_INFO = INCLUDE_SOURCE;
				MTL_FAST_MATH = YES;
				ONLY_ACTIVE_ARCH = YES;
				SDKROOT = iphoneos;
				SWIFT_ACTIVE_COMPILATION_CONDITIONS = DEBUG;
				SWIFT_OPTIMIZATION_LEVEL = "-Onone";
			};
			name = Debug;
		};
		E4A02B9923040B4400D62418 /* Release */ = {
			isa = XCBuildConfiguration;
			buildSettings = {
				ALWAYS_SEARCH_USER_PATHS = NO;
				CLANG_ANALYZER_NONNULL = YES;
				CLANG_ANALYZER_NUMBER_OBJECT_CONVERSION = YES_AGGRESSIVE;
				CLANG_CXX_LANGUAGE_STANDARD = "gnu++14";
				CLANG_CXX_LIBRARY = "libc++";
				CLANG_ENABLE_MODULES = YES;
				CLANG_ENABLE_OBJC_ARC = YES;
				CLANG_ENABLE_OBJC_WEAK = YES;
				CLANG_WARN_BLOCK_CAPTURE_AUTORELEASING = YES;
				CLANG_WARN_BOOL_CONVERSION = YES;
				CLANG_WARN_COMMA = YES;
				CLANG_WARN_CONSTANT_CONVERSION = YES;
				CLANG_WARN_DEPRECATED_OBJC_IMPLEMENTATIONS = YES;
				CLANG_WARN_DIRECT_OBJC_ISA_USAGE = YES_ERROR;
				CLANG_WARN_DOCUMENTATION_COMMENTS = YES;
				CLANG_WARN_EMPTY_BODY = YES;
				CLANG_WARN_ENUM_CONVERSION = YES;
				CLANG_WARN_INFINITE_RECURSION = YES;
				CLANG_WARN_INT_CONVERSION = YES;
				CLANG_WARN_NON_LITERAL_NULL_CONVERSION = YES;
				CLANG_WARN_OBJC_IMPLICIT_RETAIN_SELF = YES;
				CLANG_WARN_OBJC_LITERAL_CONVERSION = YES;
				CLANG_WARN_OBJC_ROOT_CLASS = YES_ERROR;
				CLANG_WARN_RANGE_LOOP_ANALYSIS = YES;
				CLANG_WARN_STRICT_PROTOTYPES = YES;
				CLANG_WARN_SUSPICIOUS_MOVE = YES;
				CLANG_WARN_UNGUARDED_AVAILABILITY = YES_AGGRESSIVE;
				CLANG_WARN_UNREACHABLE_CODE = YES;
				CLANG_WARN__DUPLICATE_METHOD_MATCH = YES;
				CODE_SIGN_IDENTITY = "iPhone Developer";
				COPY_PHASE_STRIP = NO;
				DEBUG_INFORMATION_FORMAT = "dwarf-with-dsym";
				ENABLE_NS_ASSERTIONS = NO;
				ENABLE_STRICT_OBJC_MSGSEND = YES;
				GCC_C_LANGUAGE_STANDARD = gnu11;
				GCC_NO_COMMON_BLOCKS = YES;
				GCC_WARN_64_TO_32_BIT_CONVERSION = YES;
				GCC_WARN_ABOUT_RETURN_TYPE = YES_ERROR;
				GCC_WARN_UNDECLARED_SELECTOR = YES;
				GCC_WARN_UNINITIALIZED_AUTOS = YES_AGGRESSIVE;
				GCC_WARN_UNUSED_FUNCTION = YES;
				GCC_WARN_UNUSED_VARIABLE = YES;
				IPHONEOS_DEPLOYMENT_TARGET = 12.2;
				MTL_ENABLE_DEBUG_INFO = NO;
				MTL_FAST_MATH = YES;
				SDKROOT = iphoneos;
				SWIFT_COMPILATION_MODE = wholemodule;
				SWIFT_OPTIMIZATION_LEVEL = "-O";
				VALIDATE_PRODUCT = YES;
			};
			name = Release;
		};
		E4A02B9B23040B4400D62418 /* Debug */ = {
			isa = XCBuildConfiguration;
			baseConfigurationReference = 6D2499A7BB17E6E73C4BED0E /* Pods-yinchengYQH.debug.xcconfig */;
			buildSettings = {
				ASSETCATALOG_COMPILER_APPICON_NAME = AppIcon;
				ASSETCATALOG_COMPILER_LAUNCHIMAGE_NAME = LaunchImage;
				CODE_SIGN_STYLE = Automatic;
				DEVELOPMENT_TEAM = 7NLGYMJ3T9;
				INFOPLIST_FILE = yinchengYQH/Info.plist;
				IPHONEOS_DEPLOYMENT_TARGET = 9.0;
				LD_RUNPATH_SEARCH_PATHS = (
					"$(inherited)",
					"@executable_path/Frameworks",
				);
				PRODUCT_BUNDLE_IDENTIFIER = com.qirong.yinchengYQH;
				PRODUCT_NAME = "$(TARGET_NAME)";
				SWIFT_VERSION = 5.0;
				TARGETED_DEVICE_FAMILY = 1;
			};
			name = Debug;
		};
		E4A02B9C23040B4400D62418 /* Release */ = {
			isa = XCBuildConfiguration;
			baseConfigurationReference = 1F4AC645AB15C19E94651AB8 /* Pods-yinchengYQH.release.xcconfig */;
			buildSettings = {
				ASSETCATALOG_COMPILER_APPICON_NAME = AppIcon;
				ASSETCATALOG_COMPILER_LAUNCHIMAGE_NAME = LaunchImage;
				CODE_SIGN_STYLE = Automatic;
				DEVELOPMENT_TEAM = 7NLGYMJ3T9;
				INFOPLIST_FILE = yinchengYQH/Info.plist;
				IPHONEOS_DEPLOYMENT_TARGET = 9.0;
				LD_RUNPATH_SEARCH_PATHS = (
					"$(inherited)",
					"@executable_path/Frameworks",
				);
				PRODUCT_BUNDLE_IDENTIFIER = com.qirong.yinchengYQH;
				PRODUCT_NAME = "$(TARGET_NAME)";
				SWIFT_VERSION = 5.0;
				TARGETED_DEVICE_FAMILY = 1;
			};
			name = Release;
		};
		E4A02B9E23040B4400D62418 /* Debug */ = {
			isa = XCBuildConfiguration;
			baseConfigurationReference = CB0890AC62E875EE56BC8844 /* Pods-yinchengYQHTests.debug.xcconfig */;
			buildSettings = {
				ALWAYS_EMBED_SWIFT_STANDARD_LIBRARIES = YES;
				BUNDLE_LOADER = "$(TEST_HOST)";
				CODE_SIGN_STYLE = Automatic;
				DEVELOPMENT_TEAM = 7NLGYMJ3T9;
				INFOPLIST_FILE = yinchengYQHTests/Info.plist;
				LD_RUNPATH_SEARCH_PATHS = (
					"$(inherited)",
					"@executable_path/Frameworks",
					"@loader_path/Frameworks",
				);
				PRODUCT_BUNDLE_IDENTIFIER = com.qirong.yinchengYQHTests;
				PRODUCT_NAME = "$(TARGET_NAME)";
				SWIFT_VERSION = 5.0;
				TARGETED_DEVICE_FAMILY = "1,2";
				TEST_HOST = "$(BUILT_PRODUCTS_DIR)/yinchengYQH.app/yinchengYQH";
			};
			name = Debug;
		};
		E4A02B9F23040B4400D62418 /* Release */ = {
			isa = XCBuildConfiguration;
			baseConfigurationReference = 12DE962199758C4DB16874C6 /* Pods-yinchengYQHTests.release.xcconfig */;
			buildSettings = {
				ALWAYS_EMBED_SWIFT_STANDARD_LIBRARIES = YES;
				BUNDLE_LOADER = "$(TEST_HOST)";
				CODE_SIGN_STYLE = Automatic;
				DEVELOPMENT_TEAM = 7NLGYMJ3T9;
				INFOPLIST_FILE = yinchengYQHTests/Info.plist;
				LD_RUNPATH_SEARCH_PATHS = (
					"$(inherited)",
					"@executable_path/Frameworks",
					"@loader_path/Frameworks",
				);
				PRODUCT_BUNDLE_IDENTIFIER = com.qirong.yinchengYQHTests;
				PRODUCT_NAME = "$(TARGET_NAME)";
				SWIFT_VERSION = 5.0;
				TARGETED_DEVICE_FAMILY = "1,2";
				TEST_HOST = "$(BUILT_PRODUCTS_DIR)/yinchengYQH.app/yinchengYQH";
			};
			name = Release;
		};
		E4A02BA123040B4400D62418 /* Debug */ = {
			isa = XCBuildConfiguration;
			baseConfigurationReference = 78C63A437C59941AAEEF83D2 /* Pods-yinchengYQHUITests.debug.xcconfig */;
			buildSettings = {
				ALWAYS_EMBED_SWIFT_STANDARD_LIBRARIES = YES;
				CODE_SIGN_STYLE = Automatic;
				DEVELOPMENT_TEAM = 7NLGYMJ3T9;
				INFOPLIST_FILE = yinchengYQHUITests/Info.plist;
				LD_RUNPATH_SEARCH_PATHS = (
					"$(inherited)",
					"@executable_path/Frameworks",
					"@loader_path/Frameworks",
				);
				PRODUCT_BUNDLE_IDENTIFIER = com.qirong.yinchengYQHUITests;
				PRODUCT_NAME = "$(TARGET_NAME)";
				SWIFT_VERSION = 5.0;
				TARGETED_DEVICE_FAMILY = "1,2";
				TEST_TARGET_NAME = yinchengYQH;
			};
			name = Debug;
		};
		E4A02BA223040B4400D62418 /* Release */ = {
			isa = XCBuildConfiguration;
			baseConfigurationReference = D76D61159CF4D2BD2C9C4B68 /* Pods-yinchengYQHUITests.release.xcconfig */;
			buildSettings = {
				ALWAYS_EMBED_SWIFT_STANDARD_LIBRARIES = YES;
				CODE_SIGN_STYLE = Automatic;
				DEVELOPMENT_TEAM = 7NLGYMJ3T9;
				INFOPLIST_FILE = yinchengYQHUITests/Info.plist;
				LD_RUNPATH_SEARCH_PATHS = (
					"$(inherited)",
					"@executable_path/Frameworks",
					"@loader_path/Frameworks",
				);
				PRODUCT_BUNDLE_IDENTIFIER = com.qirong.yinchengYQHUITests;
				PRODUCT_NAME = "$(TARGET_NAME)";
				SWIFT_VERSION = 5.0;
				TARGETED_DEVICE_FAMILY = "1,2";
				TEST_TARGET_NAME = yinchengYQH;
			};
			name = Release;
		};
/* End XCBuildConfiguration section */

/* Begin XCConfigurationList section */
		E4A02B6D23040B4200D62418 /* Build configuration list for PBXProject "yinchengYQH" */ = {
			isa = XCConfigurationList;
			buildConfigurations = (
				E4A02B9823040B4400D62418 /* Debug */,
				E4A02B9923040B4400D62418 /* Release */,
			);
			defaultConfigurationIsVisible = 0;
			defaultConfigurationName = Release;
		};
		E4A02B9A23040B4400D62418 /* Build configuration list for PBXNativeTarget "yinchengYQH" */ = {
			isa = XCConfigurationList;
			buildConfigurations = (
				E4A02B9B23040B4400D62418 /* Debug */,
				E4A02B9C23040B4400D62418 /* Release */,
			);
			defaultConfigurationIsVisible = 0;
			defaultConfigurationName = Release;
		};
		E4A02B9D23040B4400D62418 /* Build configuration list for PBXNativeTarget "yinchengYQHTests" */ = {
			isa = XCConfigurationList;
			buildConfigurations = (
				E4A02B9E23040B4400D62418 /* Debug */,
				E4A02B9F23040B4400D62418 /* Release */,
			);
			defaultConfigurationIsVisible = 0;
			defaultConfigurationName = Release;
		};
		E4A02BA023040B4400D62418 /* Build configuration list for PBXNativeTarget "yinchengYQHUITests" */ = {
			isa = XCConfigurationList;
			buildConfigurations = (
				E4A02BA123040B4400D62418 /* Debug */,
				E4A02BA223040B4400D62418 /* Release */,
			);
			defaultConfigurationIsVisible = 0;
			defaultConfigurationName = Release;
		};
/* End XCConfigurationList section */
	};
	rootObject = E4A02B6A23040B4200D62418 /* Project object */;
}
